// !$*UTF8*$!
{
	archiveVersion = 1;
	classes = {
	};
	objectVersion = 77;
	objects = {

/* Begin PBXBuildFile section */
		6D7EB28F2E867E9C00023FA0 /* FavoritesStore.swift in Sources */ = {isa = PBXBuildFile; fileRef = 6D7EB2762E867E9C00023FA0 /* FavoritesStore.swift */; };
		6D7EB2902E867E9C00023FA0 /* ImageLoader.swift in Sources */ = {isa = PBXBuildFile; fileRef = 6D7EB2782E867E9C00023FA0 /* ImageLoader.swift */; };
		6D7EB2912E867E9C00023FA0 /* HTTPClient.swift in Sources */ = {isa = PBXBuildFile; fileRef = 6D7EB27A2E867E9C00023FA0 /* HTTPClient.swift */; };
		6D7EB2922E867E9C00023FA0 /* PokemonsService.swift in Sources */ = {isa = PBXBuildFile; fileRef = 6D7EB27C2E867E9C00023FA0 /* PokemonsService.swift */; };
		6D7EB2932E867E9C00023FA0 /* AppEnvironment.swift in Sources */ = {isa = PBXBuildFile; fileRef = 6D7EB27E2E867E9C00023FA0 /* AppEnvironment.swift */; };
		6D7EB2942E867E9C00023FA0 /* PokemonDetailViewController.swift in Sources */ = {isa = PBXBuildFile; fileRef = 6D7EB2802E867E9C00023FA0 /* PokemonDetailViewController.swift */; };
		6D7EB2952E867E9C00023FA0 /* PokemonDetailViewModel.swift in Sources */ = {isa = PBXBuildFile; fileRef = 6D7EB2812E867E9C00023FA0 /* PokemonDetailViewModel.swift */; };
		6D7EB2962E867E9C00023FA0 /* PokemonCell.swift in Sources */ = {isa = PBXBuildFile; fileRef = 6D7EB2832E867E9C00023FA0 /* PokemonCell.swift */; };
		6D7EB2972E867E9C00023FA0 /* PokemonListViewController.swift in Sources */ = {isa = PBXBuildFile; fileRef = 6D7EB2852E867E9C00023FA0 /* PokemonListViewController.swift */; };
		6D7EB2982E867E9C00023FA0 /* PokemonListViewModel.swift in Sources */ = {isa = PBXBuildFile; fileRef = 6D7EB2862E867E9C00023FA0 /* PokemonListViewModel.swift */; };
		6D7EB2992E867E9C00023FA0 /* AppDelegate.swift in Sources */ = {isa = PBXBuildFile; fileRef = 6D7EB2892E867E9C00023FA0 /* AppDelegate.swift */; };
		6D7EB29A2E867E9C00023FA0 /* SceneDelegate.swift in Sources */ = {isa = PBXBuildFile; fileRef = 6D7EB28C2E867E9C00023FA0 /* SceneDelegate.swift */; };
		6D7EB29B2E867E9C00023FA0 /* ViewControllerPreview.swift in Sources */ = {isa = PBXBuildFile; fileRef = 6D7EB28D2E867E9C00023FA0 /* ViewControllerPreview.swift */; };
		6D7EB29C2E867E9C00023FA0 /* Assets.xcassets in Resources */ = {isa = PBXBuildFile; fileRef = 6D7EB28A2E867E9C00023FA0 /* Assets.xcassets */; };
/* End PBXBuildFile section */

/* Begin PBXFileReference section */
		6D7EB2412E866FDA00023FA0 /* pokemonObrioAPITest.app */ = {isa = PBXFileReference; explicitFileType = wrapper.application; includeInIndex = 0; path = pokemonObrioAPITest.app; sourceTree = BUILT_PRODUCTS_DIR; };
		6D7EB2762E867E9C00023FA0 /* FavoritesStore.swift */ = {isa = PBXFileReference; lastKnownFileType = sourcecode.swift; path = FavoritesStore.swift; sourceTree = "<group>"; };
		6D7EB2782E867E9C00023FA0 /* ImageLoader.swift */ = {isa = PBXFileReference; lastKnownFileType = sourcecode.swift; path = ImageLoader.swift; sourceTree = "<group>"; };
		6D7EB27A2E867E9C00023FA0 /* HTTPClient.swift */ = {isa = PBXFileReference; lastKnownFileType = sourcecode.swift; path = HTTPClient.swift; sourceTree = "<group>"; };
		6D7EB27C2E867E9C00023FA0 /* PokemonsService.swift */ = {isa = PBXFileReference; lastKnownFileType = sourcecode.swift; path = PokemonsService.swift; sourceTree = "<group>"; };
		6D7EB27E2E867E9C00023FA0 /* AppEnvironment.swift */ = {isa = PBXFileReference; lastKnownFileType = sourcecode.swift; path = AppEnvironment.swift; sourceTree = "<group>"; };
		6D7EB2802E867E9C00023FA0 /* PokemonDetailViewController.swift */ = {isa = PBXFileReference; lastKnownFileType = sourcecode.swift; path = PokemonDetailViewController.swift; sourceTree = "<group>"; };
		6D7EB2812E867E9C00023FA0 /* PokemonDetailViewModel.swift */ = {isa = PBXFileReference; lastKnownFileType = sourcecode.swift; path = PokemonDetailViewModel.swift; sourceTree = "<group>"; };
		6D7EB2832E867E9C00023FA0 /* PokemonCell.swift */ = {isa = PBXFileReference; lastKnownFileType = sourcecode.swift; path = PokemonCell.swift; sourceTree = "<group>"; };
		6D7EB2852E867E9C00023FA0 /* PokemonListViewController.swift */ = {isa = PBXFileReference; lastKnownFileType = sourcecode.swift; path = PokemonListViewController.swift; sourceTree = "<group>"; };
		6D7EB2862E867E9C00023FA0 /* PokemonListViewModel.swift */ = {isa = PBXFileReference; lastKnownFileType = sourcecode.swift; path = PokemonListViewModel.swift; sourceTree = "<group>"; };
		6D7EB2892E867E9C00023FA0 /* AppDelegate.swift */ = {isa = PBXFileReference; lastKnownFileType = sourcecode.swift; path = AppDelegate.swift; sourceTree = "<group>"; };
		6D7EB28A2E867E9C00023FA0 /* Assets.xcassets */ = {isa = PBXFileReference; lastKnownFileType = folder.assetcatalog; path = Assets.xcassets; sourceTree = "<group>"; };
		6D7EB28B2E867E9C00023FA0 /* Info.plist */ = {isa = PBXFileReference; lastKnownFileType = text.plist.xml; path = Info.plist; sourceTree = "<group>"; };
		6D7EB28C2E867E9C00023FA0 /* SceneDelegate.swift */ = {isa = PBXFileReference; lastKnownFileType = sourcecode.swift; path = SceneDelegate.swift; sourceTree = "<group>"; };
		6D7EB28D2E867E9C00023FA0 /* ViewControllerPreview.swift */ = {isa = PBXFileReference; lastKnownFileType = sourcecode.swift; path = ViewControllerPreview.swift; sourceTree = "<group>"; };
/* End PBXFileReference section */

/* Begin PBXFrameworksBuildPhase section */
		6D7EB23E2E866FDA00023FA0 /* Frameworks */ = {
			isa = PBXFrameworksBuildPhase;
			buildActionMask = 2147483647;
			files = (
			);
			runOnlyForDeploymentPostprocessing = 0;
		};
/* End PBXFrameworksBuildPhase section */

/* Begin PBXGroup section */
		6D7EB2382E866FDA00023FA0 = {
			isa = PBXGroup;
			children = (
				6D7EB28E2E867E9C00023FA0 /* pokemonObrioAPITest */,
				6D7EB2422E866FDA00023FA0 /* Products */,
			);
			sourceTree = "<group>";
		};
		6D7EB2422E866FDA00023FA0 /* Products */ = {
			isa = PBXGroup;
			children = (
				6D7EB2412E866FDA00023FA0 /* pokemonObrioAPITest.app */,
			);
			name = Products;
			sourceTree = "<group>";
		};
		6D7EB2772E867E9C00023FA0 /* Favorites */ = {
			isa = PBXGroup;
			children = (
				6D7EB2762E867E9C00023FA0 /* FavoritesStore.swift */,
			);
			path = Favorites;
			sourceTree = "<group>";
		};
		6D7EB2792E867E9C00023FA0 /* ImageCache */ = {
			isa = PBXGroup;
			children = (
				6D7EB2782E867E9C00023FA0 /* ImageLoader.swift */,
			);
			path = ImageCache;
			sourceTree = "<group>";
		};
		6D7EB27B2E867E9C00023FA0 /* Networking */ = {
			isa = PBXGroup;
			children = (
				6D7EB27A2E867E9C00023FA0 /* HTTPClient.swift */,
			);
			path = Networking;
			sourceTree = "<group>";
		};
		6D7EB27D2E867E9C00023FA0 /* Services */ = {
			isa = PBXGroup;
			children = (
				6D7EB27C2E867E9C00023FA0 /* PokemonsService.swift */,
			);
			path = Services;
			sourceTree = "<group>";
		};
		6D7EB27F2E867E9C00023FA0 /* Core */ = {
			isa = PBXGroup;
			children = (
				6D7EB2772E867E9C00023FA0 /* Favorites */,
				6D7EB2792E867E9C00023FA0 /* ImageCache */,
				6D7EB27B2E867E9C00023FA0 /* Networking */,
				6D7EB27D2E867E9C00023FA0 /* Services */,
				6D7EB27E2E867E9C00023FA0 /* AppEnvironment.swift */,
			);
			path = Core;
			sourceTree = "<group>";
		};
		6D7EB2822E867E9C00023FA0 /* Details */ = {
			isa = PBXGroup;
			children = (
				6D7EB2802E867E9C00023FA0 /* PokemonDetailViewController.swift */,
				6D7EB2812E867E9C00023FA0 /* PokemonDetailViewModel.swift */,
			);
			path = Details;
			sourceTree = "<group>";
		};
		6D7EB2842E867E9C00023FA0 /* Cells */ = {
			isa = PBXGroup;
			children = (
				6D7EB2832E867E9C00023FA0 /* PokemonCell.swift */,
			);
			path = Cells;
			sourceTree = "<group>";
		};
		6D7EB2872E867E9C00023FA0 /* List */ = {
			isa = PBXGroup;
			children = (
				6D7EB2842E867E9C00023FA0 /* Cells */,
				6D7EB2852E867E9C00023FA0 /* PokemonListViewController.swift */,
				6D7EB2862E867E9C00023FA0 /* PokemonListViewModel.swift */,
			);
			path = List;
			sourceTree = "<group>";
		};
		6D7EB2882E867E9C00023FA0 /* Features */ = {
			isa = PBXGroup;
			children = (
				6D7EB2822E867E9C00023FA0 /* Details */,
				6D7EB2872E867E9C00023FA0 /* List */,
			);
			path = Features;
			sourceTree = "<group>";
		};
		6D7EB28E2E867E9C00023FA0 /* pokemonObrioAPITest */ = {
			isa = PBXGroup;
			children = (
				6D7EB27F2E867E9C00023FA0 /* Core */,
				6D7EB2882E867E9C00023FA0 /* Features */,
				6D7EB2892E867E9C00023FA0 /* AppDelegate.swift */,
				6D7EB28A2E867E9C00023FA0 /* Assets.xcassets */,
				6D7EB28B2E867E9C00023FA0 /* Info.plist */,
				6D7EB28C2E867E9C00023FA0 /* SceneDelegate.swift */,
				6D7EB28D2E867E9C00023FA0 /* ViewControllerPreview.swift */,
			);
			path = pokemonObrioAPITest;
			sourceTree = "<group>";
		};
/* End PBXGroup section */

/* Begin PBXNativeTarget section */
		6D7EB2402E866FDA00023FA0 /* pokemonObrioAPITest */ = {
			isa = PBXNativeTarget;
			buildConfigurationList = 6D7EB2542E866FDC00023FA0 /* Build configuration list for PBXNativeTarget "pokemonObrioAPITest" */;
			buildPhases = (
				6D7EB23D2E866FDA00023FA0 /* Sources */,
				6D7EB23E2E866FDA00023FA0 /* Frameworks */,
				6D7EB23F2E866FDA00023FA0 /* Resources */,
			);
			buildRules = (
			);
			dependencies = (
			);
			name = pokemonObrioAPITest;
			packageProductDependencies = (
			);
			productName = pokemonObrioAPITest;
			productReference = 6D7EB2412E866FDA00023FA0 /* pokemonObrioAPITest.app */;
			productType = "com.apple.product-type.application";
		};
/* End PBXNativeTarget section */

/* Begin PBXProject section */
		6D7EB2392E866FDA00023FA0 /* Project object */ = {
			isa = PBXProject;
			attributes = {
				BuildIndependentTargetsInParallel = 1;
				LastSwiftUpdateCheck = 2600;
				LastUpgradeCheck = 2600;
				TargetAttributes = {
					6D7EB2402E866FDA00023FA0 = {
						CreatedOnToolsVersion = 26.0;
					};
				};
			};
			buildConfigurationList = 6D7EB23C2E866FDA00023FA0 /* Build configuration list for PBXProject "pokemonObrioAPITest" */;
			developmentRegion = en;
			hasScannedForEncodings = 0;
			knownRegions = (
				en,
				Base,
			);
			mainGroup = 6D7EB2382E866FDA00023FA0;
			minimizedProjectReferenceProxies = 1;
			preferredProjectObjectVersion = 77;
			productRefGroup = 6D7EB2422E866FDA00023FA0 /* Products */;
			projectDirPath = "";
			projectRoot = "";
			targets = (
				6D7EB2402E866FDA00023FA0 /* pokemonObrioAPITest */,
			);
		};
/* End PBXProject section */

/* Begin PBXResourcesBuildPhase section */
		6D7EB23F2E866FDA00023FA0 /* Resources */ = {
			isa = PBXResourcesBuildPhase;
			buildActionMask = 2147483647;
			files = (
				6D7EB29C2E867E9C00023FA0 /* Assets.xcassets in Resources */,
			);
			runOnlyForDeploymentPostprocessing = 0;
		};
/* End PBXResourcesBuildPhase section */

/* Begin PBXSourcesBuildPhase section */
		6D7EB23D2E866FDA00023FA0 /* Sources */ = {
			isa = PBXSourcesBuildPhase;
			buildActionMask = 2147483647;
			files = (
				6D7EB28F2E867E9C00023FA0 /* FavoritesStore.swift in Sources */,
				6D7EB2902E867E9C00023FA0 /* ImageLoader.swift in Sources */,
				6D7EB2912E867E9C00023FA0 /* HTTPClient.swift in Sources */,
				6D7EB2922E867E9C00023FA0 /* PokemonsService.swift in Sources */,
				6D7EB2932E867E9C00023FA0 /* AppEnvironment.swift in Sources */,
				6D7EB2942E867E9C00023FA0 /* PokemonDetailViewController.swift in Sources */,
				6D7EB2952E867E9C00023FA0 /* PokemonDetailViewModel.swift in Sources */,
				6D7EB2962E867E9C00023FA0 /* PokemonCell.swift in Sources */,
				6D7EB2972E867E9C00023FA0 /* PokemonListViewController.swift in Sources */,
				6D7EB2982E867E9C00023FA0 /* PokemonListViewModel.swift in Sources */,
				6D7EB2992E867E9C00023FA0 /* AppDelegate.swift in Sources */,
				6D7EB29A2E867E9C00023FA0 /* SceneDelegate.swift in Sources */,
				6D7EB29B2E867E9C00023FA0 /* ViewControllerPreview.swift in Sources */,
			);
			runOnlyForDeploymentPostprocessing = 0;
		};
/* End PBXSourcesBuildPhase section */

/* Begin XCBuildConfiguration section */
		6D7EB2552E866FDC00023FA0 /* Debug */ = {
			isa = XCBuildConfiguration;
			buildSettings = {
				ASSETCATALOG_COMPILER_APPICON_NAME = AppIcon;
				ASSETCATALOG_COMPILER_GLOBAL_ACCENT_COLOR_NAME = AccentColor;
				CODE_SIGN_STYLE = Manual;
				CURRENT_PROJECT_VERSION = 1;
				DEVELOPMENT_TEAM = "";
				GENERATE_INFOPLIST_FILE = YES;
				INFOPLIST_FILE = pokemonObrioAPITest/Info.plist;
				INFOPLIST_KEY_UIApplicationSupportsIndirectInputEvents = YES;
				INFOPLIST_KEY_UILaunchStoryboardName = LaunchScreen;
				INFOPLIST_KEY_UISupportedInterfaceOrientations = "UIInterfaceOrientationPortrait UIInterfaceOrientationPortraitUpsideDown";
				INFOPLIST_KEY_UISupportedInterfaceOrientations_iPad = "UIInterfaceOrientationLandscapeLeft UIInterfaceOrientationLandscapeRight UIInterfaceOrientationPortrait UIInterfaceOrientationPortraitUpsideDown";
				IPHONEOS_DEPLOYMENT_TARGET = 15.0;
				LD_RUNPATH_SEARCH_PATHS = (
					"$(inherited)",
					"@executable_path/Frameworks",
				);
				MARKETING_VERSION = 1.0;
				PRODUCT_BUNDLE_IDENTIFIER = com.maksym.lakhman.pokemonObrioAPITest;
				PRODUCT_NAME = "$(TARGET_NAME)";
				PROVISIONING_PROFILE_SPECIFIER = "";
				STRING_CATALOG_GENERATE_SYMBOLS = YES;
				SUPPORTED_PLATFORMS = "iphoneos iphonesimulator";
				SUPPORTS_MACCATALYST = NO;
				SUPPORTS_MAC_DESIGNED_FOR_IPHONE_IPAD = NO;
				SUPPORTS_XR_DESIGNED_FOR_IPHONE_IPAD = NO;
				SWIFT_APPROACHABLE_CONCURRENCY = YES;
				SWIFT_DEFAULT_ACTOR_ISOLATION = MainActor;
				SWIFT_EMIT_LOC_STRINGS = YES;
				SWIFT_UPCOMING_FEATURE_MEMBER_IMPORT_VISIBILITY = YES;
				SWIFT_VERSION = 5.0;
				TARGETED_DEVICE_FAMILY = 1;
			};
			name = Debug;
		};
		6D7EB2562E866FDC00023FA0 /* Release */ = {
			isa = XCBuildConfiguration;
			buildSettings = {
				ASSETCATALOG_COMPILER_APPICON_NAME = AppIcon;
				ASSETCATALOG_COMPILER_GLOBAL_ACCENT_COLOR_NAME = AccentColor;
				CODE_SIGN_STYLE = Manual;
				CURRENT_PROJECT_VERSION = 1;
				DEVELOPMENT_TEAM = "";
				GENERATE_INFOPLIST_FILE = YES;
				INFOPLIST_FILE = pokemonObrioAPITest/Info.plist;
				INFOPLIST_KEY_UIApplicationSupportsIndirectInputEvents = YES;
				INFOPLIST_KEY_UILaunchStoryboardName = LaunchScreen;
				INFOPLIST_KEY_UISupportedInterfaceOrientations = "UIInterfaceOrientationPortrait UIInterfaceOrientationPortraitUpsideDown";
				INFOPLIST_KEY_UISupportedInterfaceOrientations_iPad = "UIInterfaceOrientationLandscapeLeft UIInterfaceOrientationLandscapeRight UIInterfaceOrientationPortrait UIInterfaceOrientationPortraitUpsideDown";
				IPHONEOS_DEPLOYMENT_TARGET = 15.0;
				LD_RUNPATH_SEARCH_PATHS = (
					"$(inherited)",
					"@executable_path/Frameworks",
				);
				MARKETING_VERSION = 1.0;
				PRODUCT_BUNDLE_IDENTIFIER = com.maksym.lakhman.pokemonObrioAPITest;
				PRODUCT_NAME = "$(TARGET_NAME)";
				PROVISIONING_PROFILE_SPECIFIER = "";
				STRING_CATALOG_GENERATE_SYMBOLS = YES;
				SUPPORTED_PLATFORMS = "iphoneos iphonesimulator";
				SUPPORTS_MACCATALYST = NO;
				SUPPORTS_MAC_DESIGNED_FOR_IPHONE_IPAD = NO;
				SUPPORTS_XR_DESIGNED_FOR_IPHONE_IPAD = NO;
				SWIFT_APPROACHABLE_CONCURRENCY = YES;
				SWIFT_DEFAULT_ACTOR_ISOLATION = MainActor;
				SWIFT_EMIT_LOC_STRINGS = YES;
				SWIFT_UPCOMING_FEATURE_MEMBER_IMPORT_VISIBILITY = YES;
				SWIFT_VERSION = 5.0;
				TARGETED_DEVICE_FAMILY = 1;
			};
			name = Release;
		};
		6D7EB2572E866FDC00023FA0 /* Debug */ = {
			isa = XCBuildConfiguration;
			buildSettings = {
				ALWAYS_SEARCH_USER_PATHS = NO;
				ASSETCATALOG_COMPILER_GENERATE_SWIFT_ASSET_SYMBOL_EXTENSIONS = YES;
				CLANG_ANALYZER_NONNULL = YES;
				CLANG_ANALYZER_NUMBER_OBJECT_CONVERSION = YES_AGGRESSIVE;
				CLANG_CXX_LANGUAGE_STANDARD = "gnu++20";
				CLANG_ENABLE_MODULES = YES;
				CLANG_ENABLE_OBJC_ARC = YES;
				CLANG_ENABLE_OBJC_WEAK = YES;
				CLANG_WARN_BLOCK_CAPTURE_AUTORELEASING = YES;
				CLANG_WARN_BOOL_CONVERSION = YES;
				CLANG_WARN_COMMA = YES;
				CLANG_WARN_CONSTANT_CONVERSION = YES;
				CLANG_WARN_DEPRECATED_OBJC_IMPLEMENTATIONS = YES;
				CLANG_WARN_DIRECT_OBJC_ISA_USAGE = YES_ERROR;
				CLANG_WARN_DOCUMENTATION_COMMENTS = YES;
				CLANG_WARN_EMPTY_BODY = YES;
				CLANG_WARN_ENUM_CONVERSION = YES;
				CLANG_WARN_INFINITE_RECURSION = YES;
				CLANG_WARN_INT_CONVERSION = YES;
				CLANG_WARN_NON_LITERAL_NULL_CONVERSION = YES;
				CLANG_WARN_OBJC_IMPLICIT_RETAIN_SELF = YES;
				CLANG_WARN_OBJC_LITERAL_CONVERSION = YES;
				CLANG_WARN_OBJC_ROOT_CLASS = YES_ERROR;
				CLANG_WARN_QUOTED_INCLUDE_IN_FRAMEWORK_HEADER = YES;
				CLANG_WARN_RANGE_LOOP_ANALYSIS = YES;
				CLANG_WARN_STRICT_PROTOTYPES = YES;
				CLANG_WARN_SUSPICIOUS_MOVE = YES;
				CLANG_WARN_UNGUARDED_AVAILABILITY = YES_AGGRESSIVE;
				CLANG_WARN_UNREACHABLE_CODE = YES;
				CLANG_WARN__DUPLICATE_METHOD_MATCH = YES;
				COPY_PHASE_STRIP = NO;
				DEBUG_INFORMATION_FORMAT = dwarf;
				ENABLE_STRICT_OBJC_MSGSEND = YES;
				ENABLE_TESTABILITY = YES;
				ENABLE_USER_SCRIPT_SANDBOXING = YES;
				GCC_C_LANGUAGE_STANDARD = gnu17;
				GCC_DYNAMIC_NO_PIC = NO;
				GCC_NO_COMMON_BLOCKS = YES;
				GCC_OPTIMIZATION_LEVEL = 0;
				GCC_PREPROCESSOR_DEFINITIONS = (
					"DEBUG=1",
					"$(inherited)",
				);
				GCC_WARN_64_TO_32_BIT_CONVERSION = YES;
				GCC_WARN_ABOUT_RETURN_TYPE = YES_ERROR;
				GCC_WARN_UNDECLARED_SELECTOR = YES;
				GCC_WARN_UNINITIALIZED_AUTOS = YES_AGGRESSIVE;
				GCC_WARN_UNUSED_FUNCTION = YES;
				GCC_WARN_UNUSED_VARIABLE = YES;
				IPHONEOS_DEPLOYMENT_TARGET = 26.0;
				LOCALIZATION_PREFERS_STRING_CATALOGS = YES;
				MTL_ENABLE_DEBUG_INFO = INCLUDE_SOURCE;
				MTL_FAST_MATH = YES;
				ONLY_ACTIVE_ARCH = YES;
				SDKROOT = iphoneos;
				SWIFT_ACTIVE_COMPILATION_CONDITIONS = "DEBUG $(inherited)";
				SWIFT_OPTIMIZATION_LEVEL = "-Onone";
			};
			name = Debug;
		};
		6D7EB2582E866FDC00023FA0 /* Release */ = {
			isa = XCBuildConfiguration;
			buildSettings = {
				ALWAYS_SEARCH_USER_PATHS = NO;
				ASSETCATALOG_COMPILER_GENERATE_SWIFT_ASSET_SYMBOL_EXTENSIONS = YES;
				CLANG_ANALYZER_NONNULL = YES;
				CLANG_ANALYZER_NUMBER_OBJECT_CONVERSION = YES_AGGRESSIVE;
				CLANG_CXX_LANGUAGE_STANDARD = "gnu++20";
				CLANG_ENABLE_MODULES = YES;
				CLANG_ENABLE_OBJC_ARC = YES;
				CLANG_ENABLE_OBJC_WEAK = YES;
				CLANG_WARN_BLOCK_CAPTURE_AUTORELEASING = YES;
				CLANG_WARN_BOOL_CONVERSION = YES;
				CLANG_WARN_COMMA = YES;
				CLANG_WARN_CONSTANT_CONVERSION = YES;
				CLANG_WARN_DEPRECATED_OBJC_IMPLEMENTATIONS = YES;
				CLANG_WARN_DIRECT_OBJC_ISA_USAGE = YES_ERROR;
				CLANG_WARN_DOCUMENTATION_COMMENTS = YES;
				CLANG_WARN_EMPTY_BODY = YES;
				CLANG_WARN_ENUM_CONVERSION = YES;
				CLANG_WARN_INFINITE_RECURSION = YES;
				CLANG_WARN_INT_CONVERSION = YES;
				CLANG_WARN_NON_LITERAL_NULL_CONVERSION = YES;
				CLANG_WARN_OBJC_IMPLICIT_RETAIN_SELF = YES;
				CLANG_WARN_OBJC_LITERAL_CONVERSION = YES;
				CLANG_WARN_OBJC_ROOT_CLASS = YES_ERROR;
				CLANG_WARN_QUOTED_INCLUDE_IN_FRAMEWORK_HEADER = YES;
				CLANG_WARN_RANGE_LOOP_ANALYSIS = YES;
				CLANG_WARN_STRICT_PROTOTYPES = YES;
				CLANG_WARN_SUSPICIOUS_MOVE = YES;
				CLANG_WARN_UNGUARDED_AVAILABILITY = YES_AGGRESSIVE;
				CLANG_WARN_UNREACHABLE_CODE = YES;
				CLANG_WARN__DUPLICATE_METHOD_MATCH = YES;
				COPY_PHASE_STRIP = NO;
				DEBUG_INFORMATION_FORMAT = "dwarf-with-dsym";
				ENABLE_NS_ASSERTIONS = NO;
				ENABLE_STRICT_OBJC_MSGSEND = YES;
				ENABLE_USER_SCRIPT_SANDBOXING = YES;
				GCC_C_LANGUAGE_STANDARD = gnu17;
				GCC_NO_COMMON_BLOCKS = YES;
				GCC_WARN_64_TO_32_BIT_CONVERSION = YES;
				GCC_WARN_ABOUT_RETURN_TYPE = YES_ERROR;
				GCC_WARN_UNDECLARED_SELECTOR = YES;
				GCC_WARN_UNINITIALIZED_AUTOS = YES_AGGRESSIVE;
				GCC_WARN_UNUSED_FUNCTION = YES;
				GCC_WARN_UNUSED_VARIABLE = YES;
				IPHONEOS_DEPLOYMENT_TARGET = 26.0;
				LOCALIZATION_PREFERS_STRING_CATALOGS = YES;
				MTL_ENABLE_DEBUG_INFO = NO;
				MTL_FAST_MATH = YES;
				SDKROOT = iphoneos;
				SWIFT_COMPILATION_MODE = wholemodule;
				VALIDATE_PRODUCT = YES;
			};
			name = Release;
		};
/* End XCBuildConfiguration section */

/* Begin XCConfigurationList section */
		6D7EB23C2E866FDA00023FA0 /* Build configuration list for PBXProject "pokemonObrioAPITest" */ = {
			isa = XCConfigurationList;
			buildConfigurations = (
				6D7EB2572E866FDC00023FA0 /* Debug */,
				6D7EB2582E866FDC00023FA0 /* Release */,
			);
			defaultConfigurationIsVisible = 0;
			defaultConfigurationName = Release;
		};
		6D7EB2542E866FDC00023FA0 /* Build configuration list for PBXNativeTarget "pokemonObrioAPITest" */ = {
			isa = XCConfigurationList;
			buildConfigurations = (
				6D7EB2552E866FDC00023FA0 /* Debug */,
				6D7EB2562E866FDC00023FA0 /* Release */,
			);
			defaultConfigurationIsVisible = 0;
			defaultConfigurationName = Release;
		};
/* End XCConfigurationList section */
	};
	rootObject = 6D7EB2392E866FDA00023FA0 /* Project object */;
}
